{
  "version": 4,
  "terraform_version": "1.10.5",
  "serial": 7,
  "lineage": "1f5c803a-3484-c11f-8a4b-1f8c96e23ecb",
  "outputs": {},
  "resources": [
    {
      "mode": "managed",
      "type": "local_file",
      "name": "inventory",
      "provider": "provider[\"registry.terraform.io/hashicorp/local\"]",
      "instances": [
        {
          "status": "tainted",
          "schema_version": 0,
          "attributes": {
            "content": "[app_servers]\r\napp ansible_host=146.190.212.2 ansible_user=root ansible_ssh_private_key_file=~/.ssh/id_rsa",
            "content_base64": null,
            "content_base64sha256": "gMIOIFQoLRgKb9IB+NVwo9MwdT40znzt7qQnzWiiba0=",
            "content_base64sha512": "l7NoKPRdE/xprFryuAg60qq6uGflsV9RiC99KbAJAeJQEgeMbKGfAesVERdx6g+9KLKEH0KMvkG4bQH9B7PVLg==",
            "content_md5": "cd6a70de4604f607c11da5f0326a6095",
            "content_sha1": "a07f541a8e547cee9c00445c31fe1443dfda7376",
            "content_sha256": "80c20e2054282d180a6fd201f8d570a3d330753e34ce7cedeea427cd68a26dad",
            "content_sha512": "97b36828f45d13fc69ac5af2b8083ad2aabab867e5b15f51882f7d29b00901e25012078c6ca19f01eb15111771ea0fbd28b2841f428cbe41b86d01fd07b3d52e",
            "directory_permission": "0777",
            "file_permission": "0777",
            "filename": "./../../../ansible/inventory.ini",
            "id": "a07f541a8e547cee9c00445c31fe1443dfda7376",
            "sensitive_content": null,
            "source": null
          },
          "sensitive_attributes": [
            [
              {
                "type": "get_attr",
                "value": "sensitive_content"
              }
            ]
          ],
          "dependencies": [
            "module.droplet.data.digitalocean_ssh_key.ssh_key",
            "module.droplet.digitalocean_droplet.app_server",
            "module.droplet.digitalocean_firewall.web"
          ]
        }
      ]
    },
    {
      "module": "module.droplet",
      "mode": "data",
      "type": "digitalocean_ssh_key",
      "name": "ssh_key",
      "provider": "provider[\"registry.terraform.io/digitalocean/digitalocean\"]",
      "instances": [
        {
          "schema_version": 0,
          "attributes": {
            "fingerprint": "13:0a:59:13:28:00:6f:d2:f0:30:fe:26:34:29:32:76",
            "id": 45780552,
            "name": "stagefour",
            "public_key": "ssh-rsa AAAAB3NzaC1yc2EAAAADAQABAAACAQDC9+PzNqQLA9+016VeHU+3c3KSPdk9VYLBQUJgvyZDAQbJ/L03nGcnY6zwLeN5Iy+PpBzReCZqC/4e39N5QfWWZkNB6BrET33gzJ7ANNN8V1c2W/+LvP3HnR7IHzAZFhM4g5drwKIsnkl1DboYqhgKjuAechJ5A8O2jZEQIsg+WnIhTZJV3OsRlTOgFGeEyO8+lCHmcmfkRYEsC6/rY52YgjZayiyEUyWGbrtASH+HX4PnofgV0mlqi8ul7rgjHz1VIh5O/qC2Q2kP1OJ/Mr/Ji04YRbVL/b6vWTSSA39kwt29OndoXhhmJ5s1jWDZc8rJ7ZPe8DZnHbPO5M/Au7uDIj+5pI1nf/PKFQa3OXEFDN+DoeUTx+z4HYEYfqyselrMNv07ecUSwsjPsRtOT0fJkXJBFPvy2awIpdTFQDnTcuVajNuqNGXZxtBp2EZQPpPrHKH+Bn8ao7z+9o7JZDMyYdie+CC0YMenoFdMa5BY7zVtCRnRTBFANyyuqIH/3acMT5Br4RWZvkbdrnoL4kFB1O5qKRxEjMaasitIRdAlMNcviZEaC8PeN44lBI7USyeapbmDL6mzXcNGGPPbWh3bXkMoFtwFvnsaYpKLf2iOxg4JGWqUKZjKNlCS9PE100tTig3KWWFKpkW3/MF7/umFZePWjCdIKvOiKjrndZAc/w== akinolajohnayomide@gmail.com"
          },
          "sensitive_attributes": []
        }
      ]
    },
    {
      "module": "module.droplet",
      "mode": "managed",
      "type": "digitalocean_droplet",
      "name": "app_server",
      "provider": "provider[\"registry.terraform.io/digitalocean/digitalocean\"]",
      "instances": [
        {
          "schema_version": 1,
          "attributes": {
            "backup_policy": [],
            "backups": false,
            "created_at": "2025-02-27T13:38:12Z",
            "disk": 25,
            "droplet_agent": null,
            "graceful_shutdown": false,
            "id": "479756861",
            "image": "ubuntu-20-04-x64",
            "ipv4_address": "146.190.212.2",
            "ipv4_address_private": "10.116.0.2",
            "ipv6": false,
            "ipv6_address": "",
            "locked": false,
            "memory": 1024,
            "monitoring": false,
            "name": "todo-app-server",
            "price_hourly": 0.00893,
            "price_monthly": 6,
            "private_networking": true,
            "region": "nyc1",
            "resize_disk": true,
            "size": "s-1vcpu-1gb",
            "ssh_keys": [
              "45780552"
            ],
            "status": "active",
            "tags": [],
            "timeouts": null,
            "urn": "do:droplet:479756861",
            "user_data": "b4d1e3e2aea5f8c3760d8748c12826b7a963100d",
            "vcpus": 1,
            "volume_ids": [],
            "vpc_uuid": "4aed88ce-9e70-4065-8486-46a8b5f7ac06"
          },
          "sensitive_attributes": [],
          "private": "eyJlMmJmYjczMC1lY2FhLTExZTYtOGY4OC0zNDM2M2JjN2M0YzAiOnsiY3JlYXRlIjozNjAwMDAwMDAwMDAwLCJkZWxldGUiOjYwMDAwMDAwMDAwLCJ1cGRhdGUiOjM2MDAwMDAwMDAwMDB9LCJzY2hlbWFfdmVyc2lvbiI6IjEifQ==",
          "dependencies": [
            "module.droplet.data.digitalocean_ssh_key.ssh_key"
          ]
        }
      ]
    },
    {
      "module": "module.droplet",
      "mode": "managed",
      "type": "digitalocean_firewall",
      "name": "web",
      "provider": "provider[\"registry.terraform.io/digitalocean/digitalocean\"]",
      "instances": [
        {
          "schema_version": 0,
          "attributes": {
            "created_at": "2025-02-27T13:38:35Z",
            "droplet_ids": [
              479756861
            ],
            "id": "7f409781-50b7-408e-b439-85dbac68d369",
            "inbound_rule": [
              {
                "port_range": "22",
                "protocol": "tcp",
                "source_addresses": [
                  "0.0.0.0/0",
                  "::/0"
                ],
                "source_droplet_ids": [],
                "source_kubernetes_ids": [],
                "source_load_balancer_uids": [],
                "source_tags": []
              },
              {
                "port_range": "443",
                "protocol": "tcp",
                "source_addresses": [
                  "0.0.0.0/0",
                  "::/0"
                ],
                "source_droplet_ids": [],
                "source_kubernetes_ids": [],
                "source_load_balancer_uids": [],
                "source_tags": []
              },
              {
                "port_range": "80",
                "protocol": "tcp",
                "source_addresses": [
                  "0.0.0.0/0",
                  "::/0"
                ],
                "source_droplet_ids": [],
                "source_kubernetes_ids": [],
                "source_load_balancer_uids": [],
                "source_tags": []
              }
            ],
            "name": "todo-app-firewall",
            "outbound_rule": [
              {
                "destination_addresses": [
                  "0.0.0.0/0",
                  "::/0"
                ],
                "destination_droplet_ids": [],
                "destination_kubernetes_ids": [],
                "destination_load_balancer_uids": [],
                "destination_tags": [],
                "port_range": "",
                "protocol": "icmp"
              },
              {
                "destination_addresses": [
                  "0.0.0.0/0",
                  "::/0"
                ],
                "destination_droplet_ids": [],
                "destination_kubernetes_ids": [],
                "destination_load_balancer_uids": [],
                "destination_tags": [],
                "port_range": "1-65535",
                "protocol": "tcp"
              },
              {
                "destination_addresses": [
                  "0.0.0.0/0",
                  "::/0"
                ],
                "destination_droplet_ids": [],
                "destination_kubernetes_ids": [],
                "destination_load_balancer_uids": [],
                "destination_tags": [],
                "port_range": "1-65535",
                "protocol": "udp"
              }
            ],
            "pending_changes": [],
            "status": "succeeded",
            "tags": []
          },
          "sensitive_attributes": [],
          "private": "bnVsbA==",
          "dependencies": [
            "module.droplet.data.digitalocean_ssh_key.ssh_key",
            "module.droplet.digitalocean_droplet.app_server"
          ]
        }
      ]
    }
  ],
  "check_results": null
}
